
Microsoft Visual Studio Solution File, Format Version 12.00
# Visual Studio Version 16
VisualStudioVersion = 16.0.31205.134
MinimumVisualStudioVersion = 10.0.40219.1
Project("{FAE04EC0-301F-11D3-BF4B-00C04F79EFBC}") = "BloggingPlatform.Api", "BloggingPlatform.Api\BloggingPlatform.Api.csproj", "{64296DA4-70A9-423F-AFB7-49AF6948E9BA}"
EndProject
Project("{FAE04EC0-301F-11D3-BF4B-00C04F79EFBC}") = "BloggingPlatform.Core", "BloggingPlatform.Core\BloggingPlatform.Core.csproj", "{8BB71CB8-FAB1-47C0-8F95-2810E60A80B2}"
EndProject
Project("{FAE04EC0-301F-11D3-BF4B-00C04F79EFBC}") = "BloggingPlatform.Infrastructure.Ef", "BloggingPlatform.Infrastructure.Ef\BloggingPlatform.Infrastructure.Ef.csproj", "{258F5CB8-9B8D-4B39-8CB3-A1F9B72B6078}"
EndProject
Global
	GlobalSection(SolutionConfigurationPlatforms) = preSolution
		Debug|Any CPU = Debug|Any CPU
		Release|Any CPU = Release|Any CPU
	EndGlobalSection
	GlobalSection(ProjectConfigurationPlatforms) = postSolution
		{64296DA4-70A9-423F-AFB7-49AF6948E9BA}.Debug|Any CPU.ActiveCfg = Debug|Any CPU
		{64296DA4-70A9-423F-AFB7-49AF6948E9BA}.Debug|Any CPU.Build.0 = Debug|Any CPU
		{64296DA4-70A9-423F-AFB7-49AF6948E9BA}.Release|Any CPU.ActiveCfg = Release|Any CPU
		{64296DA4-70A9-423F-AFB7-49AF6948E9BA}.Release|Any CPU.Build.0 = Release|Any CPU
		{8BB71CB8-FAB1-47C0-8F95-2810E60A80B2}.Debug|Any CPU.ActiveCfg = Debug|Any CPU
		{8BB71CB8-FAB1-47C0-8F95-2810E60A80B2}.Debug|Any CPU.Build.0 = Debug|Any CPU
		{8BB71CB8-FAB1-47C0-8F95-2810E60A80B2}.Release|Any CPU.ActiveCfg = Release|Any CPU
		{8BB71CB8-FAB1-47C0-8F95-2810E60A80B2}.Release|Any CPU.Build.0 = Release|Any CPU
		{258F5CB8-9B8D-4B39-8CB3-A1F9B72B6078}.Debug|Any CPU.ActiveCfg = Debug|Any CPU
		{258F5CB8-9B8D-4B39-8CB3-A1F9B72B6078}.Debug|Any CPU.Build.0 = Debug|Any CPU
		{258F5CB8-9B8D-4B39-8CB3-A1F9B72B6078}.Release|Any CPU.ActiveCfg = Release|Any CPU
		{258F5CB8-9B8D-4B39-8CB3-A1F9B72B6078}.Release|Any CPU.Build.0 = Release|Any CPU
	EndGlobalSection
	GlobalSection(SolutionProperties) = preSolution
		HideSolutionNode = FALSE
	EndGlobalSection
	GlobalSection(ExtensibilityGlobals) = postSolution
		SolutionGuid = {77D9835B-7B45-4906-8F1D-55C765AB3818}
	EndGlobalSection
EndGlobal
